
Microsoft Visual Studio Solution File, Format Version 12.00
# Visual Studio Version 17
VisualStudioVersion = 17.5.33424.131
MinimumVisualStudioVersion = 10.0.40219.1
Project("{FAE04EC0-301F-11D3-BF4B-00C04F79EFBC}") = "ServicesApp.API", "ServicesApp.API\ServicesApp.API.csproj", "{B8236181-FB87-4C2E-9DD9-88B404ADBB1F}"
EndProject
Project("{FAE04EC0-301F-11D3-BF4B-00C04F79EFBC}") = "ServicesApp.Domain", "ServicesApp.Domain\ServicesApp.Domain.csproj", "{05890B3F-DD97-4309-800D-996B63013014}"
EndProject
Project("{FAE04EC0-301F-11D3-BF4B-00C04F79EFBC}") = "ServicesApp.Application", "ServicesApp.Application\ServicesApp.Application.csproj", "{DEB268A8-28E4-47B9-ADC7-5512AC8AC585}"
EndProject
Project("{FAE04EC0-301F-11D3-BF4B-00C04F79EFBC}") = "ServicesApp.Infrastructure", "ServicesApp.Infrastructure\ServicesApp.Infrastructure.csproj", "{5646A445-B6D0-4728-83C4-B71A56FD2ADC}"
EndProject
Global
	GlobalSection(SolutionConfigurationPlatforms) = preSolution
		Debug|Any CPU = Debug|Any CPU
		Release|Any CPU = Release|Any CPU
	EndGlobalSection
	GlobalSection(ProjectConfigurationPlatforms) = postSolution
		{B8236181-FB87-4C2E-9DD9-88B404ADBB1F}.Debug|Any CPU.ActiveCfg = Debug|Any CPU
		{B8236181-FB87-4C2E-9DD9-88B404ADBB1F}.Debug|Any CPU.Build.0 = Debug|Any CPU
		{B8236181-FB87-4C2E-9DD9-88B404ADBB1F}.Release|Any CPU.ActiveCfg = Release|Any CPU
		{B8236181-FB87-4C2E-9DD9-88B404ADBB1F}.Release|Any CPU.Build.0 = Release|Any CPU
		{05890B3F-DD97-4309-800D-996B63013014}.Debug|Any CPU.ActiveCfg = Debug|Any CPU
		{05890B3F-DD97-4309-800D-996B63013014}.Debug|Any CPU.Build.0 = Debug|Any CPU
		{05890B3F-DD97-4309-800D-996B63013014}.Release|Any CPU.ActiveCfg = Release|Any CPU
		{05890B3F-DD97-4309-800D-996B63013014}.Release|Any CPU.Build.0 = Release|Any CPU
		{DEB268A8-28E4-47B9-ADC7-5512AC8AC585}.Debug|Any CPU.ActiveCfg = Debug|Any CPU
		{DEB268A8-28E4-47B9-ADC7-5512AC8AC585}.Debug|Any CPU.Build.0 = Debug|Any CPU
		{DEB268A8-28E4-47B9-ADC7-5512AC8AC585}.Release|Any CPU.ActiveCfg = Release|Any CPU
		{DEB268A8-28E4-47B9-ADC7-5512AC8AC585}.Release|Any CPU.Build.0 = Release|Any CPU
		{5646A445-B6D0-4728-83C4-B71A56FD2ADC}.Debug|Any CPU.ActiveCfg = Debug|Any CPU
		{5646A445-B6D0-4728-83C4-B71A56FD2ADC}.Debug|Any CPU.Build.0 = Debug|Any CPU
		{5646A445-B6D0-4728-83C4-B71A56FD2ADC}.Release|Any CPU.ActiveCfg = Release|Any CPU
		{5646A445-B6D0-4728-83C4-B71A56FD2ADC}.Release|Any CPU.Build.0 = Release|Any CPU
	EndGlobalSection
	GlobalSection(SolutionProperties) = preSolution
		HideSolutionNode = FALSE
	EndGlobalSection
	GlobalSection(ExtensibilityGlobals) = postSolution
		SolutionGuid = {134CC9DC-7FAC-4AF3-ABAC-624B98DD9335}
	EndGlobalSection
EndGlobal
